// !$*UTF8*$!
{
	archiveVersion = 1;
	classes = {
	};
	objectVersion = 55;
	objects = {

/* Begin PBXBuildFile section */
		0242567729B68BF800ADE84B /* ComputeBMIViewModel.swift in Sources */ = {isa = PBXBuildFile; fileRef = 0242567629B68BF800ADE84B /* ComputeBMIViewModel.swift */; };
		0260811829AD8D57002DCF9A /* CalorieCountScreen.swift in Sources */ = {isa = PBXBuildFile; fileRef = 0260810F29AD8D57002DCF9A /* CalorieCountScreen.swift */; };
		0260811929AD8D57002DCF9A /* Exercise.swift in Sources */ = {isa = PBXBuildFile; fileRef = 0260811029AD8D57002DCF9A /* Exercise.swift */; };
		0260811A29AD8D57002DCF9A /* HealthMain.swift in Sources */ = {isa = PBXBuildFile; fileRef = 0260811129AD8D57002DCF9A /* HealthMain.swift */; };
		0260811B29AD8D57002DCF9A /* Gender.swift in Sources */ = {isa = PBXBuildFile; fileRef = 0260811229AD8D57002DCF9A /* Gender.swift */; };
		0260811C29AD8D57002DCF9A /* ComputeBMIScreen.swift in Sources */ = {isa = PBXBuildFile; fileRef = 0260811329AD8D57002DCF9A /* ComputeBMIScreen.swift */; };
		0260811D29AD8D57002DCF9A /* ContentView.swift in Sources */ = {isa = PBXBuildFile; fileRef = 0260811429AD8D57002DCF9A /* ContentView.swift */; };
		0260811E29AD8D57002DCF9A /* CalorieCountVO.swift in Sources */ = {isa = PBXBuildFile; fileRef = 0260811529AD8D57002DCF9A /* CalorieCountVO.swift */; };
		0260811F29AD8D57002DCF9A /* CalorieCountViewModel.swift in Sources */ = {isa = PBXBuildFile; fileRef = 0260811629AD8D57002DCF9A /* CalorieCountViewModel.swift */; };
		0260812029AD8D57002DCF9A /* ComputeBMIVO.swift in Sources */ = {isa = PBXBuildFile; fileRef = 0260811729AD8D57002DCF9A /* ComputeBMIVO.swift */; };
		028C740F299A8CD000D197B7 /* Assets.xcassets in Resources */ = {isa = PBXBuildFile; fileRef = 028C740E299A8CD000D197B7 /* Assets.xcassets */; };
		028C7412299A8CD000D197B7 /* Preview Assets.xcassets in Resources */ = {isa = PBXBuildFile; fileRef = 028C7411299A8CD000D197B7 /* Preview Assets.xcassets */; };
/* End PBXBuildFile section */

/* Begin PBXFileReference section */
		0242567629B68BF800ADE84B /* ComputeBMIViewModel.swift */ = {isa = PBXFileReference; lastKnownFileType = sourcecode.swift; path = ComputeBMIViewModel.swift; sourceTree = "<group>"; };
		0260810F29AD8D57002DCF9A /* CalorieCountScreen.swift */ = {isa = PBXFileReference; fileEncoding = 4; lastKnownFileType = sourcecode.swift; path = CalorieCountScreen.swift; sourceTree = "<group>"; };
		0260811029AD8D57002DCF9A /* Exercise.swift */ = {isa = PBXFileReference; fileEncoding = 4; lastKnownFileType = sourcecode.swift; path = Exercise.swift; sourceTree = "<group>"; };
		0260811129AD8D57002DCF9A /* HealthMain.swift */ = {isa = PBXFileReference; fileEncoding = 4; lastKnownFileType = sourcecode.swift; path = HealthMain.swift; sourceTree = "<group>"; };
		0260811229AD8D57002DCF9A /* Gender.swift */ = {isa = PBXFileReference; fileEncoding = 4; lastKnownFileType = sourcecode.swift; path = Gender.swift; sourceTree = "<group>"; };
		0260811329AD8D57002DCF9A /* ComputeBMIScreen.swift */ = {isa = PBXFileReference; fileEncoding = 4; lastKnownFileType = sourcecode.swift; path = ComputeBMIScreen.swift; sourceTree = "<group>"; };
		0260811429AD8D57002DCF9A /* ContentView.swift */ = {isa = PBXFileReference; fileEncoding = 4; lastKnownFileType = sourcecode.swift; path = ContentView.swift; sourceTree = "<group>"; };
		0260811529AD8D57002DCF9A /* CalorieCountVO.swift */ = {isa = PBXFileReference; fileEncoding = 4; lastKnownFileType = sourcecode.swift; path = CalorieCountVO.swift; sourceTree = "<group>"; };
		0260811629AD8D57002DCF9A /* CalorieCountViewModel.swift */ = {isa = PBXFileReference; fileEncoding = 4; lastKnownFileType = sourcecode.swift; path = CalorieCountViewModel.swift; sourceTree = "<group>"; };
		0260811729AD8D57002DCF9A /* ComputeBMIVO.swift */ = {isa = PBXFileReference; fileEncoding = 4; lastKnownFileType = sourcecode.swift; path = ComputeBMIVO.swift; sourceTree = "<group>"; };
		028C7407299A8CCE00D197B7 /* health.app */ = {isa = PBXFileReference; explicitFileType = wrapper.application; includeInIndex = 0; path = health.app; sourceTree = BUILT_PRODUCTS_DIR; };
		028C740E299A8CD000D197B7 /* Assets.xcassets */ = {isa = PBXFileReference; lastKnownFileType = folder.assetcatalog; path = Assets.xcassets; sourceTree = "<group>"; };
		028C7411299A8CD000D197B7 /* Preview Assets.xcassets */ = {isa = PBXFileReference; lastKnownFileType = folder.assetcatalog; path = "Preview Assets.xcassets"; sourceTree = "<group>"; };
		028C7418299A8CF400D197B7 /* health-Bridging-Header.h */ = {isa = PBXFileReference; lastKnownFileType = sourcecode.c.h; path = "health-Bridging-Header.h"; sourceTree = "<group>"; };
/* End PBXFileReference section */

/* Begin PBXFrameworksBuildPhase section */
		028C7404299A8CCE00D197B7 /* Frameworks */ = {
			isa = PBXFrameworksBuildPhase;
			buildActionMask = 2147483647;
			files = (
			);
			runOnlyForDeploymentPostprocessing = 0;
		};
/* End PBXFrameworksBuildPhase section */

/* Begin PBXGroup section */
		028C73FE299A8CCE00D197B7 = {
			isa = PBXGroup;
			children = (
				028C7409299A8CCE00D197B7 /* health */,
				028C7408299A8CCE00D197B7 /* Products */,
			);
			sourceTree = "<group>";
		};
		028C7408299A8CCE00D197B7 /* Products */ = {
			isa = PBXGroup;
			children = (
				028C7407299A8CCE00D197B7 /* health.app */,
			);
			name = Products;
			sourceTree = "<group>";
		};
		028C7409299A8CCE00D197B7 /* health */ = {
			isa = PBXGroup;
			children = (
				0260810F29AD8D57002DCF9A /* CalorieCountScreen.swift */,
				0260811529AD8D57002DCF9A /* CalorieCountVO.swift */,
				0260811329AD8D57002DCF9A /* ComputeBMIScreen.swift */,
				0260811729AD8D57002DCF9A /* ComputeBMIVO.swift */,
				0260811429AD8D57002DCF9A /* ContentView.swift */,
				0260811029AD8D57002DCF9A /* Exercise.swift */,
				0260811229AD8D57002DCF9A /* Gender.swift */,
				0260811129AD8D57002DCF9A /* HealthMain.swift */,
				0260811629AD8D57002DCF9A /* CalorieCountViewModel.swift */,
				0242567629B68BF800ADE84B /* ComputeBMIViewModel.swift */,
				028C740E299A8CD000D197B7 /* Assets.xcassets */,
				028C7410299A8CD000D197B7 /* Preview Content */,
				028C7418299A8CF400D197B7 /* health-Bridging-Header.h */,
			);
			path = health;
			sourceTree = "<group>";
		};
		028C7410299A8CD000D197B7 /* Preview Content */ = {
			isa = PBXGroup;
			children = (
				028C7411299A8CD000D197B7 /* Preview Assets.xcassets */,
			);
			path = "Preview Content";
			sourceTree = "<group>";
		};
/* End PBXGroup section */

/* Begin PBXNativeTarget section */
		028C7406299A8CCE00D197B7 /* health */ = {
			isa = PBXNativeTarget;
			buildConfigurationList = 028C7415299A8CD000D197B7 /* Build configuration list for PBXNativeTarget "health" */;
			buildPhases = (
				028C7403299A8CCE00D197B7 /* Sources */,
				028C7404299A8CCE00D197B7 /* Frameworks */,
				028C7405299A8CCE00D197B7 /* Resources */,
			);
			buildRules = (
			);
			dependencies = (
			);
			name = health;
			productName = health;
			productReference = 028C7407299A8CCE00D197B7 /* health.app */;
			productType = "com.apple.product-type.application";
		};
/* End PBXNativeTarget section */

/* Begin PBXProject section */
		028C73FF299A8CCE00D197B7 /* Project object */ = {
			isa = PBXProject;
			attributes = {
				BuildIndependentTargetsInParallel = 1;
				LastSwiftUpdateCheck = 1340;
				LastUpgradeCheck = 1340;
				TargetAttributes = {
					028C7406299A8CCE00D197B7 = {
						CreatedOnToolsVersion = 13.4.1;
						LastSwiftMigration = 1340;
					};
				};
			};
			buildConfigurationList = 028C7402299A8CCE00D197B7 /* Build configuration list for PBXProject "health" */;
			compatibilityVersion = "Xcode 13.0";
			developmentRegion = en;
			hasScannedForEncodings = 0;
			knownRegions = (
				en,
				Base,
			);
			mainGroup = 028C73FE299A8CCE00D197B7;
			productRefGroup = 028C7408299A8CCE00D197B7 /* Products */;
			projectDirPath = "";
			projectRoot = "";
			targets = (
				028C7406299A8CCE00D197B7 /* health */,
			);
		};
/* End PBXProject section */

/* Begin PBXResourcesBuildPhase section */
		028C7405299A8CCE00D197B7 /* Resources */ = {
			isa = PBXResourcesBuildPhase;
			buildActionMask = 2147483647;
			files = (
				028C7412299A8CD000D197B7 /* Preview Assets.xcassets in Resources */,
				028C740F299A8CD000D197B7 /* Assets.xcassets in Resources */,
			);
			runOnlyForDeploymentPostprocessing = 0;
		};
/* End PBXResourcesBuildPhase section */

/* Begin PBXSourcesBuildPhase section */
		028C7403299A8CCE00D197B7 /* Sources */ = {
			isa = PBXSourcesBuildPhase;
			buildActionMask = 2147483647;
			files = (
				0260811B29AD8D57002DCF9A /* Gender.swift in Sources */,
				0260811F29AD8D57002DCF9A /* CalorieCountViewModel.swift in Sources */,
				0260812029AD8D57002DCF9A /* ComputeBMIVO.swift in Sources */,
				0260811829AD8D57002DCF9A /* CalorieCountScreen.swift in Sources */,
				0260811D29AD8D57002DCF9A /* ContentView.swift in Sources */,
				0242567729B68BF800ADE84B /* ComputeBMIViewModel.swift in Sources */,
				0260811E29AD8D57002DCF9A /* CalorieCountVO.swift in Sources */,
				0260811C29AD8D57002DCF9A /* ComputeBMIScreen.swift in Sources */,
				0260811A29AD8D57002DCF9A /* HealthMain.swift in Sources */,
				0260811929AD8D57002DCF9A /* Exercise.swift in Sources */,
			);
			runOnlyForDeploymentPostprocessing = 0;
		};
/* End PBXSourcesBuildPhase section */

/* Begin XCBuildConfiguration section */
		028C7413299A8CD000D197B7 /* Debug */ = {
			isa = XCBuildConfiguration;
			buildSettings = {
				ALWAYS_SEARCH_USER_PATHS = NO;
				CLANG_ANALYZER_NONNULL = YES;
				CLANG_ANALYZER_NUMBER_OBJECT_CONVERSION = YES_AGGRESSIVE;
				CLANG_CXX_LANGUAGE_STANDARD = "gnu++17";
				CLANG_ENABLE_MODULES = YES;
				CLANG_ENABLE_OBJC_ARC = YES;
				CLANG_ENABLE_OBJC_WEAK = YES;
				CLANG_WARN_BLOCK_CAPTURE_AUTORELEASING = YES;
				CLANG_WARN_BOOL_CONVERSION = YES;
				CLANG_WARN_COMMA = YES;
				CLANG_WARN_CONSTANT_CONVERSION = YES;
				CLANG_WARN_DEPRECATED_OBJC_IMPLEMENTATIONS = YES;
				CLANG_WARN_DIRECT_OBJC_ISA_USAGE = YES_ERROR;
				CLANG_WARN_DOCUMENTATION_COMMENTS = YES;
				CLANG_WARN_EMPTY_BODY = YES;
				CLANG_WARN_ENUM_CONVERSION = YES;
				CLANG_WARN_INFINITE_RECURSION = YES;
				CLANG_WARN_INT_CONVERSION = YES;
				CLANG_WARN_NON_LITERAL_NULL_CONVERSION = YES;
				CLANG_WARN_OBJC_IMPLICIT_RETAIN_SELF = YES;
				CLANG_WARN_OBJC_LITERAL_CONVERSION = YES;
				CLANG_WARN_OBJC_ROOT_CLASS = YES_ERROR;
				CLANG_WARN_QUOTED_INCLUDE_IN_FRAMEWORK_HEADER = YES;
				CLANG_WARN_RANGE_LOOP_ANALYSIS = YES;
				CLANG_WARN_STRICT_PROTOTYPES = YES;
				CLANG_WARN_SUSPICIOUS_MOVE = YES;
				CLANG_WARN_UNGUARDED_AVAILABILITY = YES_AGGRESSIVE;
				CLANG_WARN_UNREACHABLE_CODE = YES;
				CLANG_WARN__DUPLICATE_METHOD_MATCH = YES;
				COPY_PHASE_STRIP = NO;
				DEBUG_INFORMATION_FORMAT = dwarf;
				ENABLE_STRICT_OBJC_MSGSEND = YES;
				ENABLE_TESTABILITY = YES;
				GCC_C_LANGUAGE_STANDARD = gnu11;
				GCC_DYNAMIC_NO_PIC = NO;
				GCC_NO_COMMON_BLOCKS = YES;
				GCC_OPTIMIZATION_LEVEL = 0;
				GCC_PREPROCESSOR_DEFINITIONS = (
					"DEBUG=1",
					"$(inherited)",
				);
				GCC_WARN_64_TO_32_BIT_CONVERSION = YES;
				GCC_WARN_ABOUT_RETURN_TYPE = YES_ERROR;
				GCC_WARN_UNDECLARED_SELECTOR = YES;
				GCC_WARN_UNINITIALIZED_AUTOS = YES_AGGRESSIVE;
				GCC_WARN_UNUSED_FUNCTION = YES;
				GCC_WARN_UNUSED_VARIABLE = YES;
				IPHONEOS_DEPLOYMENT_TARGET = 15.5;
				MTL_ENABLE_DEBUG_INFO = INCLUDE_SOURCE;
				MTL_FAST_MATH = YES;
				ONLY_ACTIVE_ARCH = YES;
				SDKROOT = iphoneos;
				SWIFT_ACTIVE_COMPILATION_CONDITIONS = DEBUG;
				SWIFT_OPTIMIZATION_LEVEL = "-Onone";
			};
			name = Debug;
		};
		028C7414299A8CD000D197B7 /* Release */ = {
			isa = XCBuildConfiguration;
			buildSettings = {
				ALWAYS_SEARCH_USER_PATHS = NO;
				CLANG_ANALYZER_NONNULL = YES;
				CLANG_ANALYZER_NUMBER_OBJECT_CONVERSION = YES_AGGRESSIVE;
				CLANG_CXX_LANGUAGE_STANDARD = "gnu++17";
				CLANG_ENABLE_MODULES = YES;
				CLANG_ENABLE_OBJC_ARC = YES;
				CLANG_ENABLE_OBJC_WEAK = YES;
				CLANG_WARN_BLOCK_CAPTURE_AUTORELEASING = YES;
				CLANG_WARN_BOOL_CONVERSION = YES;
				CLANG_WARN_COMMA = YES;
				CLANG_WARN_CONSTANT_CONVERSION = YES;
				CLANG_WARN_DEPRECATED_OBJC_IMPLEMENTATIONS = YES;
				CLANG_WARN_DIRECT_OBJC_ISA_USAGE = YES_ERROR;
				CLANG_WARN_DOCUMENTATION_COMMENTS = YES;
				CLANG_WARN_EMPTY_BODY = YES;
				CLANG_WARN_ENUM_CONVERSION = YES;
				CLANG_WARN_INFINITE_RECURSION = YES;
				CLANG_WARN_INT_CONVERSION = YES;
				CLANG_WARN_NON_LITERAL_NULL_CONVERSION = YES;
				CLANG_WARN_OBJC_IMPLICIT_RETAIN_SELF = YES;
				CLANG_WARN_OBJC_LITERAL_CONVERSION = YES;
				CLANG_WARN_OBJC_ROOT_CLASS = YES_ERROR;
				CLANG_WARN_QUOTED_INCLUDE_IN_FRAMEWORK_HEADER = YES;
				CLANG_WARN_RANGE_LOOP_ANALYSIS = YES;
				CLANG_WARN_STRICT_PROTOTYPES = YES;
				CLANG_WARN_SUSPICIOUS_MOVE = YES;
				CLANG_WARN_UNGUARDED_AVAILABILITY = YES_AGGRESSIVE;
				CLANG_WARN_UNREACHABLE_CODE = YES;
				CLANG_WARN__DUPLICATE_METHOD_MATCH = YES;
				COPY_PHASE_STRIP = NO;
				DEBUG_INFORMATION_FORMAT = "dwarf-with-dsym";
				ENABLE_NS_ASSERTIONS = NO;
				ENABLE_STRICT_OBJC_MSGSEND = YES;
				GCC_C_LANGUAGE_STANDARD = gnu11;
				GCC_NO_COMMON_BLOCKS = YES;
				GCC_WARN_64_TO_32_BIT_CONVERSION = YES;
				GCC_WARN_ABOUT_RETURN_TYPE = YES_ERROR;
				GCC_WARN_UNDECLARED_SELECTOR = YES;
				GCC_WARN_UNINITIALIZED_AUTOS = YES_AGGRESSIVE;
				GCC_WARN_UNUSED_FUNCTION = YES;
				GCC_WARN_UNUSED_VARIABLE = YES;
				IPHONEOS_DEPLOYMENT_TARGET = 15.5;
				MTL_ENABLE_DEBUG_INFO = NO;
				MTL_FAST_MATH = YES;
				SDKROOT = iphoneos;
				SWIFT_COMPILATION_MODE = wholemodule;
				SWIFT_OPTIMIZATION_LEVEL = "-O";
				VALIDATE_PRODUCT = YES;
			};
			name = Release;
		};
		028C7416299A8CD000D197B7 /* Debug */ = {
			isa = XCBuildConfiguration;
			buildSettings = {
				ASSETCATALOG_COMPILER_APPICON_NAME = AppIcon;
				ASSETCATALOG_COMPILER_GLOBAL_ACCENT_COLOR_NAME = AccentColor;
				CLANG_ENABLE_MODULES = YES;
				CODE_SIGN_STYLE = Automatic;
				CURRENT_PROJECT_VERSION = 1;
				DEVELOPMENT_ASSET_PATHS = "\"health/Preview Content\"";
				DEVELOPMENT_TEAM = NR2XNW22UL;
				ENABLE_PREVIEWS = YES;
				GENERATE_INFOPLIST_FILE = YES;
				INFOPLIST_KEY_UIApplicationSceneManifest_Generation = YES;
				INFOPLIST_KEY_UIApplicationSupportsIndirectInputEvents = YES;
				INFOPLIST_KEY_UILaunchScreen_Generation = YES;
				INFOPLIST_KEY_UISupportedInterfaceOrientations_iPad = "UIInterfaceOrientationPortrait UIInterfaceOrientationPortraitUpsideDown UIInterfaceOrientationLandscapeLeft UIInterfaceOrientationLandscapeRight";
				INFOPLIST_KEY_UISupportedInterfaceOrientations_iPhone = "UIInterfaceOrientationPortrait UIInterfaceOrientationLandscapeLeft UIInterfaceOrientationLandscapeRight";
				LD_RUNPATH_SEARCH_PATHS = (
					"$(inherited)",
					"@executable_path/Frameworks",
				);
				MARKETING_VERSION = 1.0;
				PRODUCT_BUNDLE_IDENTIFIER = com.lyanalwakeel.health;
				PRODUCT_NAME = "$(TARGET_NAME)";
				SWIFT_EMIT_LOC_STRINGS = YES;
				SWIFT_OBJC_BRIDGING_HEADER = "health/health-Bridging-Header.h";
				SWIFT_OPTIMIZATION_LEVEL = "-Onone";
				SWIFT_VERSION = 5.0;
				TARGETED_DEVICE_FAMILY = "1,2";
			};
			name = Debug;
		};
		028C7417299A8CD000D197B7 /* Release */ = {
			isa = XCBuildConfiguration;
			buildSettings = {
				ASSETCATALOG_COMPILER_APPICON_NAME = AppIcon;
				ASSETCATALOG_COMPILER_GLOBAL_ACCENT_COLOR_NAME = AccentColor;
				CLANG_ENABLE_MODULES = YES;
				CODE_SIGN_STYLE = Automatic;
				CURRENT_PROJECT_VERSION = 1;
				DEVELOPMENT_ASSET_PATHS = "\"health/Preview Content\"";
				DEVELOPMENT_TEAM = NR2XNW22UL;
				ENABLE_PREVIEWS = YES;
				GENERATE_INFOPLIST_FILE = YES;
				INFOPLIST_KEY_UIApplicationSceneManifest_Generation = YES;
				INFOPLIST_KEY_UIApplicationSupportsIndirectInputEvents = YES;
				INFOPLIST_KEY_UILaunchScreen_Generation = YES;
				INFOPLIST_KEY_UISupportedInterfaceOrientations_iPad = "UIInterfaceOrientationPortrait UIInterfaceOrientationPortraitUpsideDown UIInterfaceOrientationLandscapeLeft UIInterfaceOrientationLandscapeRight";
				INFOPLIST_KEY_UISupportedInterfaceOrientations_iPhone = "UIInterfaceOrientationPortrait UIInterfaceOrientationLandscapeLeft UIInterfaceOrientationLandscapeRight";
				LD_RUNPATH_SEARCH_PATHS = (
					"$(inherited)",
					"@executable_path/Frameworks",
				);
				MARKETING_VERSION = 1.0;
				PRODUCT_BUNDLE_IDENTIFIER = com.lyanalwakeel.health;
				PRODUCT_NAME = "$(TARGET_NAME)";
				SWIFT_EMIT_LOC_STRINGS = YES;
				SWIFT_OBJC_BRIDGING_HEADER = "health/health-Bridging-Header.h";
				SWIFT_VERSION = 5.0;
				TARGETED_DEVICE_FAMILY = "1,2";
			};
			name = Release;
		};
/* End XCBuildConfiguration section */

/* Begin XCConfigurationList section */
		028C7402299A8CCE00D197B7 /* Build configuration list for PBXProject "health" */ = {
			isa = XCConfigurationList;
			buildConfigurations = (
				028C7413299A8CD000D197B7 /* Debug */,
				028C7414299A8CD000D197B7 /* Release */,
			);
			defaultConfigurationIsVisible = 0;
			defaultConfigurationName = Release;
		};
		028C7415299A8CD000D197B7 /* Build configuration list for PBXNativeTarget "health" */ = {
			isa = XCConfigurationList;
			buildConfigurations = (
				028C7416299A8CD000D197B7 /* Debug */,
				028C7417299A8CD000D197B7 /* Release */,
			);
			defaultConfigurationIsVisible = 0;
			defaultConfigurationName = Release;
		};
/* End XCConfigurationList section */
	};
	rootObject = 028C73FF299A8CCE00D197B7 /* Project object */;
}
